// !$*UTF8*$!
{
	archiveVersion = 1;
	classes = {
	};
	objectVersion = 55;
	objects = {

/* Begin PBXBuildFile section */
		4173BF98DCF2C49982A056B5 /* Pods_NotifApp2.framework in Frameworks */ = {isa = PBXBuildFile; fileRef = 3FE2FE06DF4BAA0F833DA13E /* Pods_NotifApp2.framework */; };
		DB21AFDE27B445FF000ACF77 /* AppDelegate.swift in Sources */ = {isa = PBXBuildFile; fileRef = DB21AFDD27B445FF000ACF77 /* AppDelegate.swift */; };
		DB21AFE027B445FF000ACF77 /* SceneDelegate.swift in Sources */ = {isa = PBXBuildFile; fileRef = DB21AFDF27B445FF000ACF77 /* SceneDelegate.swift */; };
		DB21AFE227B445FF000ACF77 /* ViewController.swift in Sources */ = {isa = PBXBuildFile; fileRef = DB21AFE127B445FF000ACF77 /* ViewController.swift */; };
		DB21AFE527B445FF000ACF77 /* Main.storyboard in Resources */ = {isa = PBXBuildFile; fileRef = DB21AFE327B445FF000ACF77 /* Main.storyboard */; };
		DB21AFE727B44604000ACF77 /* Assets.xcassets in Resources */ = {isa = PBXBuildFile; fileRef = DB21AFE627B44604000ACF77 /* Assets.xcassets */; };
		DB21AFEA27B44604000ACF77 /* LaunchScreen.storyboard in Resources */ = {isa = PBXBuildFile; fileRef = DB21AFE827B44604000ACF77 /* LaunchScreen.storyboard */; };
		DB21AFF227B44675000ACF77 /* Constants.swift in Sources */ = {isa = PBXBuildFile; fileRef = DB21AFF127B44675000ACF77 /* Constants.swift */; };
		DB3CEB5F27C54D70005E89F1 /* IntervalPicker.swift in Sources */ = {isa = PBXBuildFile; fileRef = DB3CEB5E27C54D70005E89F1 /* IntervalPicker.swift */; };
		DB5F66A027BED16300499227 /* PresetData.swift in Sources */ = {isa = PBXBuildFile; fileRef = DB5F669F27BED16200499227 /* PresetData.swift */; };
		DB8E61DA27BD70A5004D71F0 /* Item.swift in Sources */ = {isa = PBXBuildFile; fileRef = DB8E61D927BD70A5004D71F0 /* Item.swift */; };
		DB8E61DC27BD70AD004D71F0 /* Category.swift in Sources */ = {isa = PBXBuildFile; fileRef = DB8E61DB27BD70AD004D71F0 /* Category.swift */; };
		DB8E61DE27BD73D7004D71F0 /* CategoryTableViewController.swift in Sources */ = {isa = PBXBuildFile; fileRef = DB8E61DD27BD73D7004D71F0 /* CategoryTableViewController.swift */; };
		DB8E61E027BD73F9004D71F0 /* ItemTableViewController.swift in Sources */ = {isa = PBXBuildFile; fileRef = DB8E61DF27BD73F9004D71F0 /* ItemTableViewController.swift */; };
		DBE0F9FF27E25D760048BB8D /* LaunchTime.swift in Sources */ = {isa = PBXBuildFile; fileRef = DBE0F9FE27E25D760048BB8D /* LaunchTime.swift */; };
		DBE1E21E27CD1DEE00679249 /* TimeGenerator.swift in Sources */ = {isa = PBXBuildFile; fileRef = DBE1E21D27CD1DEE00679249 /* TimeGenerator.swift */; };
		DBF1446D27C672FC005772AA /* SwipeTableViewController.swift in Sources */ = {isa = PBXBuildFile; fileRef = DBF1446C27C672FC005772AA /* SwipeTableViewController.swift */; };
/* End PBXBuildFile section */

/* Begin PBXFileReference section */
		3FE2FE06DF4BAA0F833DA13E /* Pods_NotifApp2.framework */ = {isa = PBXFileReference; explicitFileType = wrapper.framework; includeInIndex = 0; path = Pods_NotifApp2.framework; sourceTree = BUILT_PRODUCTS_DIR; };
		B8BAD583CC3245660A411FD2 /* Pods-NotifApp2.release.xcconfig */ = {isa = PBXFileReference; includeInIndex = 1; lastKnownFileType = text.xcconfig; name = "Pods-NotifApp2.release.xcconfig"; path = "Target Support Files/Pods-NotifApp2/Pods-NotifApp2.release.xcconfig"; sourceTree = "<group>"; };
		DB21AFDA27B445FF000ACF77 /* NotifApp2.app */ = {isa = PBXFileReference; explicitFileType = wrapper.application; includeInIndex = 0; path = NotifApp2.app; sourceTree = BUILT_PRODUCTS_DIR; };
		DB21AFDD27B445FF000ACF77 /* AppDelegate.swift */ = {isa = PBXFileReference; lastKnownFileType = sourcecode.swift; path = AppDelegate.swift; sourceTree = "<group>"; };
		DB21AFDF27B445FF000ACF77 /* SceneDelegate.swift */ = {isa = PBXFileReference; lastKnownFileType = sourcecode.swift; path = SceneDelegate.swift; sourceTree = "<group>"; };
		DB21AFE127B445FF000ACF77 /* ViewController.swift */ = {isa = PBXFileReference; lastKnownFileType = sourcecode.swift; path = ViewController.swift; sourceTree = "<group>"; };
		DB21AFE427B445FF000ACF77 /* Base */ = {isa = PBXFileReference; lastKnownFileType = file.storyboard; name = Base; path = Base.lproj/Main.storyboard; sourceTree = "<group>"; };
		DB21AFE627B44604000ACF77 /* Assets.xcassets */ = {isa = PBXFileReference; lastKnownFileType = folder.assetcatalog; path = Assets.xcassets; sourceTree = "<group>"; };
		DB21AFE927B44604000ACF77 /* Base */ = {isa = PBXFileReference; lastKnownFileType = file.storyboard; name = Base; path = Base.lproj/LaunchScreen.storyboard; sourceTree = "<group>"; };
		DB21AFEB27B44604000ACF77 /* Info.plist */ = {isa = PBXFileReference; lastKnownFileType = text.plist.xml; path = Info.plist; sourceTree = "<group>"; };
		DB21AFF127B44675000ACF77 /* Constants.swift */ = {isa = PBXFileReference; lastKnownFileType = sourcecode.swift; path = Constants.swift; sourceTree = "<group>"; };
		DB3CEB5E27C54D70005E89F1 /* IntervalPicker.swift */ = {isa = PBXFileReference; lastKnownFileType = sourcecode.swift; path = IntervalPicker.swift; sourceTree = "<group>"; };
		DB5F669F27BED16200499227 /* PresetData.swift */ = {isa = PBXFileReference; lastKnownFileType = sourcecode.swift; path = PresetData.swift; sourceTree = "<group>"; };
		DB8A39DC27E4D19D00E17FFE /* BackgroundTasks.framework */ = {isa = PBXFileReference; lastKnownFileType = wrapper.framework; name = BackgroundTasks.framework; path = System/Library/Frameworks/BackgroundTasks.framework; sourceTree = SDKROOT; };
		DB8E61D927BD70A5004D71F0 /* Item.swift */ = {isa = PBXFileReference; lastKnownFileType = sourcecode.swift; path = Item.swift; sourceTree = "<group>"; };
		DB8E61DB27BD70AD004D71F0 /* Category.swift */ = {isa = PBXFileReference; lastKnownFileType = sourcecode.swift; path = Category.swift; sourceTree = "<group>"; };
		DB8E61DD27BD73D7004D71F0 /* CategoryTableViewController.swift */ = {isa = PBXFileReference; lastKnownFileType = sourcecode.swift; path = CategoryTableViewController.swift; sourceTree = "<group>"; };
		DB8E61DF27BD73F9004D71F0 /* ItemTableViewController.swift */ = {isa = PBXFileReference; lastKnownFileType = sourcecode.swift; path = ItemTableViewController.swift; sourceTree = "<group>"; };
		DBE0F9FE27E25D760048BB8D /* LaunchTime.swift */ = {isa = PBXFileReference; lastKnownFileType = sourcecode.swift; path = LaunchTime.swift; sourceTree = "<group>"; };
		DBE1E21D27CD1DEE00679249 /* TimeGenerator.swift */ = {isa = PBXFileReference; lastKnownFileType = sourcecode.swift; path = TimeGenerator.swift; sourceTree = "<group>"; };
		DBF1446C27C672FC005772AA /* SwipeTableViewController.swift */ = {isa = PBXFileReference; lastKnownFileType = sourcecode.swift; path = SwipeTableViewController.swift; sourceTree = "<group>"; };
		E844930B819798F02399343D /* Pods-NotifApp2.debug.xcconfig */ = {isa = PBXFileReference; includeInIndex = 1; lastKnownFileType = text.xcconfig; name = "Pods-NotifApp2.debug.xcconfig"; path = "Target Support Files/Pods-NotifApp2/Pods-NotifApp2.debug.xcconfig"; sourceTree = "<group>"; };
/* End PBXFileReference section */

/* Begin PBXFrameworksBuildPhase section */
		DB21AFD727B445FF000ACF77 /* Frameworks */ = {
			isa = PBXFrameworksBuildPhase;
			buildActionMask = 2147483647;
			files = (
				4173BF98DCF2C49982A056B5 /* Pods_NotifApp2.framework in Frameworks */,
			);
			runOnlyForDeploymentPostprocessing = 0;
		};
/* End PBXFrameworksBuildPhase section */

/* Begin PBXGroup section */
		27372208048E304D32F3B26C /* Pods */ = {
			isa = PBXGroup;
			children = (
				E844930B819798F02399343D /* Pods-NotifApp2.debug.xcconfig */,
				B8BAD583CC3245660A411FD2 /* Pods-NotifApp2.release.xcconfig */,
			);
			path = Pods;
			sourceTree = "<group>";
		};
		DB21AFD127B445FF000ACF77 = {
			isa = PBXGroup;
			children = (
				DB21AFDC27B445FF000ACF77 /* NotifApp2 */,
				DB21AFDB27B445FF000ACF77 /* Products */,
				27372208048E304D32F3B26C /* Pods */,
				DBDDB3DA37816F8C556D2285 /* Frameworks */,
			);
			sourceTree = "<group>";
		};
		DB21AFDB27B445FF000ACF77 /* Products */ = {
			isa = PBXGroup;
			children = (
				DB21AFDA27B445FF000ACF77 /* NotifApp2.app */,
			);
			name = Products;
			sourceTree = "<group>";
		};
		DB21AFDC27B445FF000ACF77 /* NotifApp2 */ = {
			isa = PBXGroup;
			children = (
				DB21AFDD27B445FF000ACF77 /* AppDelegate.swift */,
				DB21AFDF27B445FF000ACF77 /* SceneDelegate.swift */,
				DB21AFF127B44675000ACF77 /* Constants.swift */,
				DB8E61D027BD6D6D004D71F0 /* Model */,
				DB8E61CF27BD6D57004D71F0 /* Controllers */,
				DB8E61CE27BD6D4E004D71F0 /* View */,
				DB21AFE627B44604000ACF77 /* Assets.xcassets */,
				DB21AFE827B44604000ACF77 /* LaunchScreen.storyboard */,
				DB21AFEB27B44604000ACF77 /* Info.plist */,
			);
			path = NotifApp2;
			sourceTree = "<group>";
		};
		DB8E61CE27BD6D4E004D71F0 /* View */ = {
			isa = PBXGroup;
			children = (
				DB21AFE327B445FF000ACF77 /* Main.storyboard */,
			);
			path = View;
			sourceTree = "<group>";
		};
		DB8E61CF27BD6D57004D71F0 /* Controllers */ = {
			isa = PBXGroup;
			children = (
				DB21AFE127B445FF000ACF77 /* ViewController.swift */,
				DB8E61DD27BD73D7004D71F0 /* CategoryTableViewController.swift */,
				DB8E61DF27BD73F9004D71F0 /* ItemTableViewController.swift */,
				DB3CEB5E27C54D70005E89F1 /* IntervalPicker.swift */,
				DBF1446C27C672FC005772AA /* SwipeTableViewController.swift */,
			);
			path = Controllers;
			sourceTree = "<group>";
		};
		DB8E61D027BD6D6D004D71F0 /* Model */ = {
			isa = PBXGroup;
			children = (
				DB5F669F27BED16200499227 /* PresetData.swift */,
				DB8E61DB27BD70AD004D71F0 /* Category.swift */,
				DB8E61D927BD70A5004D71F0 /* Item.swift */,
				DBE1E21D27CD1DEE00679249 /* TimeGenerator.swift */,
				DBE0F9FE27E25D760048BB8D /* LaunchTime.swift */,
			);
			path = Model;
			sourceTree = "<group>";
		};
		DBDDB3DA37816F8C556D2285 /* Frameworks */ = {
			isa = PBXGroup;
			children = (
				DB8A39DC27E4D19D00E17FFE /* BackgroundTasks.framework */,
				3FE2FE06DF4BAA0F833DA13E /* Pods_NotifApp2.framework */,
			);
			name = Frameworks;
			sourceTree = "<group>";
		};
/* End PBXGroup section */

/* Begin PBXNativeTarget section */
		DB21AFD927B445FF000ACF77 /* NotifApp2 */ = {
			isa = PBXNativeTarget;
			buildConfigurationList = DB21AFEE27B44604000ACF77 /* Build configuration list for PBXNativeTarget "NotifApp2" */;
			buildPhases = (
				C073A9A3D5F980158B9EF40E /* [CP] Check Pods Manifest.lock */,
				DB21AFD627B445FF000ACF77 /* Sources */,
				DB21AFD727B445FF000ACF77 /* Frameworks */,
				DB21AFD827B445FF000ACF77 /* Resources */,
				7647FD4E3061EA1F18B01F27 /* [CP] Embed Pods Frameworks */,
			);
			buildRules = (
			);
			dependencies = (
			);
			name = NotifApp2;
			productName = NotifApp2;
			productReference = DB21AFDA27B445FF000ACF77 /* NotifApp2.app */;
			productType = "com.apple.product-type.application";
		};
/* End PBXNativeTarget section */

/* Begin PBXProject section */
		DB21AFD227B445FF000ACF77 /* Project object */ = {
			isa = PBXProject;
			attributes = {
				BuildIndependentTargetsInParallel = 1;
				LastSwiftUpdateCheck = 1320;
				LastUpgradeCheck = 1320;
				TargetAttributes = {
					DB21AFD927B445FF000ACF77 = {
						CreatedOnToolsVersion = 13.2.1;
					};
				};
			};
			buildConfigurationList = DB21AFD527B445FF000ACF77 /* Build configuration list for PBXProject "NotifApp2" */;
			compatibilityVersion = "Xcode 13.0";
			developmentRegion = en;
			hasScannedForEncodings = 0;
			knownRegions = (
				en,
				Base,
			);
			mainGroup = DB21AFD127B445FF000ACF77;
			productRefGroup = DB21AFDB27B445FF000ACF77 /* Products */;
			projectDirPath = "";
			projectRoot = "";
			targets = (
				DB21AFD927B445FF000ACF77 /* NotifApp2 */,
			);
		};
/* End PBXProject section */

/* Begin PBXResourcesBuildPhase section */
		DB21AFD827B445FF000ACF77 /* Resources */ = {
			isa = PBXResourcesBuildPhase;
			buildActionMask = 2147483647;
			files = (
				DB21AFEA27B44604000ACF77 /* LaunchScreen.storyboard in Resources */,
				DB21AFE727B44604000ACF77 /* Assets.xcassets in Resources */,
				DB21AFE527B445FF000ACF77 /* Main.storyboard in Resources */,
			);
			runOnlyForDeploymentPostprocessing = 0;
		};
/* End PBXResourcesBuildPhase section */

/* Begin PBXShellScriptBuildPhase section */
		7647FD4E3061EA1F18B01F27 /* [CP] Embed Pods Frameworks */ = {
			isa = PBXShellScriptBuildPhase;
			buildActionMask = 2147483647;
			files = (
			);
			inputFileListPaths = (
				"${PODS_ROOT}/Target Support Files/Pods-NotifApp2/Pods-NotifApp2-frameworks-${CONFIGURATION}-input-files.xcfilelist",
			);
			name = "[CP] Embed Pods Frameworks";
			outputFileListPaths = (
				"${PODS_ROOT}/Target Support Files/Pods-NotifApp2/Pods-NotifApp2-frameworks-${CONFIGURATION}-output-files.xcfilelist",
			);
			runOnlyForDeploymentPostprocessing = 0;
			shellPath = /bin/sh;
			shellScript = "\"${PODS_ROOT}/Target Support Files/Pods-NotifApp2/Pods-NotifApp2-frameworks.sh\"\n";
			showEnvVarsInLog = 0;
		};
		C073A9A3D5F980158B9EF40E /* [CP] Check Pods Manifest.lock */ = {
			isa = PBXShellScriptBuildPhase;
			buildActionMask = 2147483647;
			files = (
			);
			inputFileListPaths = (
			);
			inputPaths = (
				"${PODS_PODFILE_DIR_PATH}/Podfile.lock",
				"${PODS_ROOT}/Manifest.lock",
			);
			name = "[CP] Check Pods Manifest.lock";
			outputFileListPaths = (
			);
			outputPaths = (
				"$(DERIVED_FILE_DIR)/Pods-NotifApp2-checkManifestLockResult.txt",
			);
			runOnlyForDeploymentPostprocessing = 0;
			shellPath = /bin/sh;
			shellScript = "diff \"${PODS_PODFILE_DIR_PATH}/Podfile.lock\" \"${PODS_ROOT}/Manifest.lock\" > /dev/null\nif [ $? != 0 ] ; then\n    # print error to STDERR\n    echo \"error: The sandbox is not in sync with the Podfile.lock. Run 'pod install' or update your CocoaPods installation.\" >&2\n    exit 1\nfi\n# This output is used by Xcode 'outputs' to avoid re-running this script phase.\necho \"SUCCESS\" > \"${SCRIPT_OUTPUT_FILE_0}\"\n";
			showEnvVarsInLog = 0;
		};
/* End PBXShellScriptBuildPhase section */

/* Begin PBXSourcesBuildPhase section */
		DB21AFD627B445FF000ACF77 /* Sources */ = {
			isa = PBXSourcesBuildPhase;
			buildActionMask = 2147483647;
			files = (
				DB8E61DE27BD73D7004D71F0 /* CategoryTableViewController.swift in Sources */,
				DB5F66A027BED16300499227 /* PresetData.swift in Sources */,
				DB21AFE227B445FF000ACF77 /* ViewController.swift in Sources */,
				DBE1E21E27CD1DEE00679249 /* TimeGenerator.swift in Sources */,
				DB21AFDE27B445FF000ACF77 /* AppDelegate.swift in Sources */,
				DBE0F9FF27E25D760048BB8D /* LaunchTime.swift in Sources */,
				DBF1446D27C672FC005772AA /* SwipeTableViewController.swift in Sources */,
				DB21AFE027B445FF000ACF77 /* SceneDelegate.swift in Sources */,
				DB3CEB5F27C54D70005E89F1 /* IntervalPicker.swift in Sources */,
				DB8E61DA27BD70A5004D71F0 /* Item.swift in Sources */,
				DB21AFF227B44675000ACF77 /* Constants.swift in Sources */,
				DB8E61E027BD73F9004D71F0 /* ItemTableViewController.swift in Sources */,
				DB8E61DC27BD70AD004D71F0 /* Category.swift in Sources */,
			);
			runOnlyForDeploymentPostprocessing = 0;
		};
/* End PBXSourcesBuildPhase section */

/* Begin PBXVariantGroup section */
		DB21AFE327B445FF000ACF77 /* Main.storyboard */ = {
			isa = PBXVariantGroup;
			children = (
				DB21AFE427B445FF000ACF77 /* Base */,
			);
			name = Main.storyboard;
			sourceTree = "<group>";
		};
		DB21AFE827B44604000ACF77 /* LaunchScreen.storyboard */ = {
			isa = PBXVariantGroup;
			children = (
				DB21AFE927B44604000ACF77 /* Base */,
			);
			name = LaunchScreen.storyboard;
			sourceTree = "<group>";
		};
/* End PBXVariantGroup section */

/* Begin XCBuildConfiguration section */
		DB21AFEC27B44604000ACF77 /* Debug */ = {
			isa = XCBuildConfiguration;
			buildSettings = {
				ALWAYS_SEARCH_USER_PATHS = NO;
				CLANG_ANALYZER_NONNULL = YES;
				CLANG_ANALYZER_NUMBER_OBJECT_CONVERSION = YES_AGGRESSIVE;
				CLANG_CXX_LANGUAGE_STANDARD = "gnu++17";
				CLANG_CXX_LIBRARY = "libc++";
				CLANG_ENABLE_MODULES = YES;
				CLANG_ENABLE_OBJC_ARC = YES;
				CLANG_ENABLE_OBJC_WEAK = YES;
				CLANG_WARN_BLOCK_CAPTURE_AUTORELEASING = YES;
				CLANG_WARN_BOOL_CONVERSION = YES;
				CLANG_WARN_COMMA = YES;
				CLANG_WARN_CONSTANT_CONVERSION = YES;
				CLANG_WARN_DEPRECATED_OBJC_IMPLEMENTATIONS = YES;
				CLANG_WARN_DIRECT_OBJC_ISA_USAGE = YES_ERROR;
				CLANG_WARN_DOCUMENTATION_COMMENTS = YES;
				CLANG_WARN_EMPTY_BODY = YES;
				CLANG_WARN_ENUM_CONVERSION = YES;
				CLANG_WARN_INFINITE_RECURSION = YES;
				CLANG_WARN_INT_CONVERSION = YES;
				CLANG_WARN_NON_LITERAL_NULL_CONVERSION = YES;
				CLANG_WARN_OBJC_IMPLICIT_RETAIN_SELF = YES;
				CLANG_WARN_OBJC_LITERAL_CONVERSION = YES;
				CLANG_WARN_OBJC_ROOT_CLASS = YES_ERROR;
				CLANG_WARN_QUOTED_INCLUDE_IN_FRAMEWORK_HEADER = YES;
				CLANG_WARN_RANGE_LOOP_ANALYSIS = YES;
				CLANG_WARN_STRICT_PROTOTYPES = YES;
				CLANG_WARN_SUSPICIOUS_MOVE = YES;
				CLANG_WARN_UNGUARDED_AVAILABILITY = YES_AGGRESSIVE;
				CLANG_WARN_UNREACHABLE_CODE = YES;
				CLANG_WARN__DUPLICATE_METHOD_MATCH = YES;
				COPY_PHASE_STRIP = NO;
				DEBUG_INFORMATION_FORMAT = dwarf;
				ENABLE_STRICT_OBJC_MSGSEND = YES;
				ENABLE_TESTABILITY = YES;
				GCC_C_LANGUAGE_STANDARD = gnu11;
				GCC_DYNAMIC_NO_PIC = NO;
				GCC_NO_COMMON_BLOCKS = YES;
				GCC_OPTIMIZATION_LEVEL = 0;
				GCC_PREPROCESSOR_DEFINITIONS = (
					"DEBUG=1",
					"$(inherited)",
				);
				GCC_WARN_64_TO_32_BIT_CONVERSION = YES;
				GCC_WARN_ABOUT_RETURN_TYPE = YES_ERROR;
				GCC_WARN_UNDECLARED_SELECTOR = YES;
				GCC_WARN_UNINITIALIZED_AUTOS = YES_AGGRESSIVE;
				GCC_WARN_UNUSED_FUNCTION = YES;
				GCC_WARN_UNUSED_VARIABLE = YES;
				IPHONEOS_DEPLOYMENT_TARGET = 15.2;
				MTL_ENABLE_DEBUG_INFO = INCLUDE_SOURCE;
				MTL_FAST_MATH = YES;
				ONLY_ACTIVE_ARCH = YES;
				SDKROOT = iphoneos;
				SWIFT_ACTIVE_COMPILATION_CONDITIONS = DEBUG;
				SWIFT_OPTIMIZATION_LEVEL = "-Onone";
			};
			name = Debug;
		};
		DB21AFED27B44604000ACF77 /* Release */ = {
			isa = XCBuildConfiguration;
			buildSettings = {
				ALWAYS_SEARCH_USER_PATHS = NO;
				CLANG_ANALYZER_NONNULL = YES;
				CLANG_ANALYZER_NUMBER_OBJECT_CONVERSION = YES_AGGRESSIVE;
				CLANG_CXX_LANGUAGE_STANDARD = "gnu++17";
				CLANG_CXX_LIBRARY = "libc++";
				CLANG_ENABLE_MODULES = YES;
				CLANG_ENABLE_OBJC_ARC = YES;
				CLANG_ENABLE_OBJC_WEAK = YES;
				CLANG_WARN_BLOCK_CAPTURE_AUTORELEASING = YES;
				CLANG_WARN_BOOL_CONVERSION = YES;
				CLANG_WARN_COMMA = YES;
				CLANG_WARN_CONSTANT_CONVERSION = YES;
				CLANG_WARN_DEPRECATED_OBJC_IMPLEMENTATIONS = YES;
				CLANG_WARN_DIRECT_OBJC_ISA_USAGE = YES_ERROR;
				CLANG_WARN_DOCUMENTATION_COMMENTS = YES;
				CLANG_WARN_EMPTY_BODY = YES;
				CLANG_WARN_ENUM_CONVERSION = YES;
				CLANG_WARN_INFINITE_RECURSION = YES;
				CLANG_WARN_INT_CONVERSION = YES;
				CLANG_WARN_NON_LITERAL_NULL_CONVERSION = YES;
				CLANG_WARN_OBJC_IMPLICIT_RETAIN_SELF = YES;
				CLANG_WARN_OBJC_LITERAL_CONVERSION = YES;
				CLANG_WARN_OBJC_ROOT_CLASS = YES_ERROR;
				CLANG_WARN_QUOTED_INCLUDE_IN_FRAMEWORK_HEADER = YES;
				CLANG_WARN_RANGE_LOOP_ANALYSIS = YES;
				CLANG_WARN_STRICT_PROTOTYPES = YES;
				CLANG_WARN_SUSPICIOUS_MOVE = YES;
				CLANG_WARN_UNGUARDED_AVAILABILITY = YES_AGGRESSIVE;
				CLANG_WARN_UNREACHABLE_CODE = YES;
				CLANG_WARN__DUPLICATE_METHOD_MATCH = YES;
				COPY_PHASE_STRIP = NO;
				DEBUG_INFORMATION_FORMAT = "dwarf-with-dsym";
				ENABLE_NS_ASSERTIONS = NO;
				ENABLE_STRICT_OBJC_MSGSEND = YES;
				GCC_C_LANGUAGE_STANDARD = gnu11;
				GCC_NO_COMMON_BLOCKS = YES;
				GCC_WARN_64_TO_32_BIT_CONVERSION = YES;
				GCC_WARN_ABOUT_RETURN_TYPE = YES_ERROR;
				GCC_WARN_UNDECLARED_SELECTOR = YES;
				GCC_WARN_UNINITIALIZED_AUTOS = YES_AGGRESSIVE;
				GCC_WARN_UNUSED_FUNCTION = YES;
				GCC_WARN_UNUSED_VARIABLE = YES;
				IPHONEOS_DEPLOYMENT_TARGET = 15.2;
				MTL_ENABLE_DEBUG_INFO = NO;
				MTL_FAST_MATH = YES;
				SDKROOT = iphoneos;
				SWIFT_COMPILATION_MODE = wholemodule;
				SWIFT_OPTIMIZATION_LEVEL = "-O";
				VALIDATE_PRODUCT = YES;
			};
			name = Release;
		};
		DB21AFEF27B44604000ACF77 /* Debug */ = {
			isa = XCBuildConfiguration;
			baseConfigurationReference = E844930B819798F02399343D /* Pods-NotifApp2.debug.xcconfig */;
			buildSettings = {
				ASSETCATALOG_COMPILER_APPICON_NAME = AppIcon;
				ASSETCATALOG_COMPILER_GLOBAL_ACCENT_COLOR_NAME = AccentColor;
				CODE_SIGN_STYLE = Automatic;
				CURRENT_PROJECT_VERSION = 1;
				DEVELOPMENT_TEAM = K2DLP372ZK;
				GENERATE_INFOPLIST_FILE = YES;
				INFOPLIST_FILE = NotifApp2/Info.plist;
				INFOPLIST_KEY_UIApplicationSupportsIndirectInputEvents = YES;
				INFOPLIST_KEY_UILaunchStoryboardName = Main;
				INFOPLIST_KEY_UIMainStoryboardFile = Main;
				INFOPLIST_KEY_UISupportedInterfaceOrientations = UIInterfaceOrientationPortrait;
				INFOPLIST_KEY_UISupportedInterfaceOrientations_iPad = "UIInterfaceOrientationPortrait UIInterfaceOrientationPortraitUpsideDown UIInterfaceOrientationLandscapeLeft UIInterfaceOrientationLandscapeRight";
				INFOPLIST_KEY_UISupportedInterfaceOrientations_iPhone = "UIInterfaceOrientationPortrait UIInterfaceOrientationLandscapeLeft UIInterfaceOrientationLandscapeRight";
				LD_RUNPATH_SEARCH_PATHS = (
					"$(inherited)",
					"@executable_path/Frameworks",
				);
				MARKETING_VERSION = 1.0;
				PRODUCT_BUNDLE_IDENTIFIER = com.maral.NotifApp2;
				PRODUCT_NAME = "$(TARGET_NAME)";
				SWIFT_EMIT_LOC_STRINGS = YES;
				SWIFT_VERSION = 5.0;
				TARGETED_DEVICE_FAMILY = "1,2";
			};
			name = Debug;
		};
		DB21AFF027B44604000ACF77 /* Release */ = {
			isa = XCBuildConfiguration;
			baseConfigurationReference = B8BAD583CC3245660A411FD2 /* Pods-NotifApp2.release.xcconfig */;
			buildSettings = {
				ASSETCATALOG_COMPILER_APPICON_NAME = AppIcon;
				ASSETCATALOG_COMPILER_GLOBAL_ACCENT_COLOR_NAME = AccentColor;
				CODE_SIGN_STYLE = Automatic;
				CURRENT_PROJECT_VERSION = 1;
				DEVELOPMENT_TEAM = K2DLP372ZK;
				GENERATE_INFOPLIST_FILE = YES;
				INFOPLIST_FILE = NotifApp2/Info.plist;
				INFOPLIST_KEY_UIApplicationSupportsIndirectInputEvents = YES;
				INFOPLIST_KEY_UILaunchStoryboardName = Main;
				INFOPLIST_KEY_UIMainStoryboardFile = Main;
				INFOPLIST_KEY_UISupportedInterfaceOrientations = UIInterfaceOrientationPortrait;
				INFOPLIST_KEY_UISupportedInterfaceOrientations_iPad = "UIInterfaceOrientationPortrait UIInterfaceOrientationPortraitUpsideDown UIInterfaceOrientationLandscapeLeft UIInterfaceOrientationLandscapeRight";
				INFOPLIST_KEY_UISupportedInterfaceOrientations_iPhone = "UIInterfaceOrientationPortrait UIInterfaceOrientationLandscapeLeft UIInterfaceOrientationLandscapeRight";
				LD_RUNPATH_SEARCH_PATHS = (
					"$(inherited)",
					"@executable_path/Frameworks",
				);
				MARKETING_VERSION = 1.0;
				PRODUCT_BUNDLE_IDENTIFIER = com.maral.NotifApp2;
				PRODUCT_NAME = "$(TARGET_NAME)";
				SWIFT_EMIT_LOC_STRINGS = YES;
				SWIFT_VERSION = 5.0;
				TARGETED_DEVICE_FAMILY = "1,2";
			};
			name = Release;
		};
/* End XCBuildConfiguration section */

/* Begin XCConfigurationList section */
		DB21AFD527B445FF000ACF77 /* Build configuration list for PBXProject "NotifApp2" */ = {
			isa = XCConfigurationList;
			buildConfigurations = (
				DB21AFEC27B44604000ACF77 /* Debug */,
				DB21AFED27B44604000ACF77 /* Release */,
			);
			defaultConfigurationIsVisible = 0;
			defaultConfigurationName = Release;
		};
		DB21AFEE27B44604000ACF77 /* Build configuration list for PBXNativeTarget "NotifApp2" */ = {
			isa = XCConfigurationList;
			buildConfigurations = (
				DB21AFEF27B44604000ACF77 /* Debug */,
				DB21AFF027B44604000ACF77 /* Release */,
			);
			defaultConfigurationIsVisible = 0;
			defaultConfigurationName = Release;
		};
/* End XCConfigurationList section */
	};
	rootObject = DB21AFD227B445FF000ACF77 /* Project object */;
}
